// !$*UTF8*$!
{
	archiveVersion = 1;
	classes = {
	};
	objectVersion = 56;
	objects = {

/* Begin PBXBuildFile section */
		594257682AB332E50065E43D /* UIImageView.swift in Sources */ = {isa = PBXBuildFile; fileRef = 594257672AB332E50065E43D /* UIImageView.swift */; };
		5942576B2AB346AF0065E43D /* Constants.swift in Sources */ = {isa = PBXBuildFile; fileRef = 5942576A2AB346AF0065E43D /* Constants.swift */; };
		5942576D2AB4110B0065E43D /* PokemonDescriptionView.swift in Sources */ = {isa = PBXBuildFile; fileRef = 5942576C2AB4110B0065E43D /* PokemonDescriptionView.swift */; };
		5942576F2AB4115F0065E43D /* PokemonDescriptionView.xib in Resources */ = {isa = PBXBuildFile; fileRef = 5942576E2AB4115F0065E43D /* PokemonDescriptionView.xib */; };
		594257712AB43B510065E43D /* PokeListInteractorTests.swift in Sources */ = {isa = PBXBuildFile; fileRef = 594257702AB43B510065E43D /* PokeListInteractorTests.swift */; };
		594257732AB43B9A0065E43D /* PokeDescriptionInteractorTests.swift in Sources */ = {isa = PBXBuildFile; fileRef = 594257722AB43B9A0065E43D /* PokeDescriptionInteractorTests.swift */; };
		594257752AB43EED0065E43D /* PokeDescriptionPresenterTests.swift in Sources */ = {isa = PBXBuildFile; fileRef = 594257742AB43EED0065E43D /* PokeDescriptionPresenterTests.swift */; };
		594257772AB43F0F0065E43D /* PokeListPresenterTests.swift in Sources */ = {isa = PBXBuildFile; fileRef = 594257762AB43F0F0065E43D /* PokeListPresenterTests.swift */; };
		59FDE2DB2AAC39CC00A132CA /* AppDelegate.swift in Sources */ = {isa = PBXBuildFile; fileRef = 59FDE2DA2AAC39CC00A132CA /* AppDelegate.swift */; };
		59FDE2DD2AAC39CC00A132CA /* SceneDelegate.swift in Sources */ = {isa = PBXBuildFile; fileRef = 59FDE2DC2AAC39CC00A132CA /* SceneDelegate.swift */; };
		59FDE2E22AAC39CC00A132CA /* Main.storyboard in Resources */ = {isa = PBXBuildFile; fileRef = 59FDE2E02AAC39CC00A132CA /* Main.storyboard */; };
		59FDE2E42AAC39CF00A132CA /* Assets.xcassets in Resources */ = {isa = PBXBuildFile; fileRef = 59FDE2E32AAC39CF00A132CA /* Assets.xcassets */; };
		59FDE2E72AAC39CF00A132CA /* LaunchScreen.storyboard in Resources */ = {isa = PBXBuildFile; fileRef = 59FDE2E52AAC39CF00A132CA /* LaunchScreen.storyboard */; };
		59FDE2FC2AAC39CF00A132CA /* PokeMeUITests.swift in Sources */ = {isa = PBXBuildFile; fileRef = 59FDE2FB2AAC39CF00A132CA /* PokeMeUITests.swift */; };
		59FDE2FE2AAC39CF00A132CA /* PokeMeUITestsLaunchTests.swift in Sources */ = {isa = PBXBuildFile; fileRef = 59FDE2FD2AAC39CF00A132CA /* PokeMeUITestsLaunchTests.swift */; };
		59FDE3112AACA4D700A132CA /* Service.swift in Sources */ = {isa = PBXBuildFile; fileRef = 59FDE3102AACA4D700A132CA /* Service.swift */; };
		59FDE3132AACA4EA00A132CA /* ServiceProtocol.swift in Sources */ = {isa = PBXBuildFile; fileRef = 59FDE3122AACA4EA00A132CA /* ServiceProtocol.swift */; };
		59FDE3162AACA5D100A132CA /* Alamofire in Frameworks */ = {isa = PBXBuildFile; productRef = 59FDE3152AACA5D100A132CA /* Alamofire */; };
		59FDE3192AACA63100A132CA /* Lottie in Frameworks */ = {isa = PBXBuildFile; productRef = 59FDE3182AACA63100A132CA /* Lottie */; };
		59FDE31D2AACA67000A132CA /* UIViewController.swift in Sources */ = {isa = PBXBuildFile; fileRef = 59FDE31C2AACA67000A132CA /* UIViewController.swift */; };
		59FDE32B2AAD875400A132CA /* PokeListRouterProtocol.swift in Sources */ = {isa = PBXBuildFile; fileRef = 59FDE32A2AAD875400A132CA /* PokeListRouterProtocol.swift */; };
		59FDE32D2AAD876000A132CA /* PokeListRouter.swift in Sources */ = {isa = PBXBuildFile; fileRef = 59FDE32C2AAD876000A132CA /* PokeListRouter.swift */; };
		59FDE32F2AAD879200A132CA /* PokeListPresenterProtocol.swift in Sources */ = {isa = PBXBuildFile; fileRef = 59FDE32E2AAD879200A132CA /* PokeListPresenterProtocol.swift */; };
		59FDE3312AAD87A600A132CA /* PokeListPresenter.swift in Sources */ = {isa = PBXBuildFile; fileRef = 59FDE3302AAD87A600A132CA /* PokeListPresenter.swift */; };
		59FDE3332AAD87BD00A132CA /* PokeListInteractorProtocol.swift in Sources */ = {isa = PBXBuildFile; fileRef = 59FDE3322AAD87BD00A132CA /* PokeListInteractorProtocol.swift */; };
		59FDE3352AAD87D000A132CA /* PokeListInteractor.swift in Sources */ = {isa = PBXBuildFile; fileRef = 59FDE3342AAD87D000A132CA /* PokeListInteractor.swift */; };
		59FDE3382AAD87EA00A132CA /* PokeListViewController.swift in Sources */ = {isa = PBXBuildFile; fileRef = 59FDE3362AAD87EA00A132CA /* PokeListViewController.swift */; };
		59FDE3392AAD87EA00A132CA /* PokeListViewController.xib in Resources */ = {isa = PBXBuildFile; fileRef = 59FDE3372AAD87EA00A132CA /* PokeListViewController.xib */; };
		59FDE33C2AAD892C00A132CA /* PokeDescriptionViewController.swift in Sources */ = {isa = PBXBuildFile; fileRef = 59FDE33A2AAD892C00A132CA /* PokeDescriptionViewController.swift */; };
		59FDE33D2AAD892C00A132CA /* PokeDescriptionViewController.xib in Resources */ = {isa = PBXBuildFile; fileRef = 59FDE33B2AAD892C00A132CA /* PokeDescriptionViewController.xib */; };
		59FDE3412AAD8BCD00A132CA /* PokeDescriptionInteractorProtocol.swift in Sources */ = {isa = PBXBuildFile; fileRef = 59FDE3402AAD8BCD00A132CA /* PokeDescriptionInteractorProtocol.swift */; };
		59FDE3432AAD8BE400A132CA /* PokeDescriptionInteractor.swift in Sources */ = {isa = PBXBuildFile; fileRef = 59FDE3422AAD8BE300A132CA /* PokeDescriptionInteractor.swift */; };
		59FDE3452AAD8BF800A132CA /* PokeDescriptionPresenterProtocol.swift in Sources */ = {isa = PBXBuildFile; fileRef = 59FDE3442AAD8BF800A132CA /* PokeDescriptionPresenterProtocol.swift */; };
		59FDE3472AAD8C0800A132CA /* PokeDescriptionPresenter.swift in Sources */ = {isa = PBXBuildFile; fileRef = 59FDE3462AAD8C0800A132CA /* PokeDescriptionPresenter.swift */; };
		59FDE3492AAD8C2700A132CA /* PokeDescriptionRouterProtocol.swift in Sources */ = {isa = PBXBuildFile; fileRef = 59FDE3482AAD8C2700A132CA /* PokeDescriptionRouterProtocol.swift */; };
		59FDE34B2AAD8C3B00A132CA /* PokeDescriptionRouter.swift in Sources */ = {isa = PBXBuildFile; fileRef = 59FDE34A2AAD8C3B00A132CA /* PokeDescriptionRouter.swift */; };
		59FDE3542AADFFCE00A132CA /* PokemonModel.swift in Sources */ = {isa = PBXBuildFile; fileRef = 59FDE3532AADFFCE00A132CA /* PokemonModel.swift */; };
		59FDE3562AADFFE500A132CA /* PokemonResponse.swift in Sources */ = {isa = PBXBuildFile; fileRef = 59FDE3552AADFFE500A132CA /* PokemonResponse.swift */; };
		59FDE3582AAE0DAA00A132CA /* PokemonListResponse.swift in Sources */ = {isa = PBXBuildFile; fileRef = 59FDE3572AAE0DAA00A132CA /* PokemonListResponse.swift */; };
		59FDE35A2AAE104500A132CA /* PokemonItemResponse.swift in Sources */ = {isa = PBXBuildFile; fileRef = 59FDE3592AAE104500A132CA /* PokemonItemResponse.swift */; };
		59FDE35F2AAE4D3200A132CA /* PokeListItemTableViewCell.swift in Sources */ = {isa = PBXBuildFile; fileRef = 59FDE35D2AAE4D3200A132CA /* PokeListItemTableViewCell.swift */; };
		59FDE3602AAE4D3200A132CA /* PokeListItemTableViewCell.xib in Resources */ = {isa = PBXBuildFile; fileRef = 59FDE35E2AAE4D3200A132CA /* PokeListItemTableViewCell.xib */; };
		59FE84622AAF440400A45E26 /* loading.json in Resources */ = {isa = PBXBuildFile; fileRef = 59FE84612AAF440400A45E26 /* loading.json */; };
		59FE84642AAF517C00A45E26 /* PokemonItemModel.swift in Sources */ = {isa = PBXBuildFile; fileRef = 59FE84632AAF517C00A45E26 /* PokemonItemModel.swift */; };
/* End PBXBuildFile section */

/* Begin PBXContainerItemProxy section */
		59FDE2EE2AAC39CF00A132CA /* PBXContainerItemProxy */ = {
			isa = PBXContainerItemProxy;
			containerPortal = 59FDE2CF2AAC39CC00A132CA /* Project object */;
			proxyType = 1;
			remoteGlobalIDString = 59FDE2D62AAC39CC00A132CA;
			remoteInfo = PokeMe;
		};
		59FDE2F82AAC39CF00A132CA /* PBXContainerItemProxy */ = {
			isa = PBXContainerItemProxy;
			containerPortal = 59FDE2CF2AAC39CC00A132CA /* Project object */;
			proxyType = 1;
			remoteGlobalIDString = 59FDE2D62AAC39CC00A132CA;
			remoteInfo = PokeMe;
		};
/* End PBXContainerItemProxy section */

/* Begin PBXFileReference section */
		594257672AB332E50065E43D /* UIImageView.swift */ = {isa = PBXFileReference; lastKnownFileType = sourcecode.swift; path = UIImageView.swift; sourceTree = "<group>"; };
		5942576A2AB346AF0065E43D /* Constants.swift */ = {isa = PBXFileReference; lastKnownFileType = sourcecode.swift; path = Constants.swift; sourceTree = "<group>"; };
		5942576C2AB4110B0065E43D /* PokemonDescriptionView.swift */ = {isa = PBXFileReference; lastKnownFileType = sourcecode.swift; path = PokemonDescriptionView.swift; sourceTree = "<group>"; };
		5942576E2AB4115F0065E43D /* PokemonDescriptionView.xib */ = {isa = PBXFileReference; lastKnownFileType = file.xib; path = PokemonDescriptionView.xib; sourceTree = "<group>"; };
		594257702AB43B510065E43D /* PokeListInteractorTests.swift */ = {isa = PBXFileReference; lastKnownFileType = sourcecode.swift; path = PokeListInteractorTests.swift; sourceTree = "<group>"; };
		594257722AB43B9A0065E43D /* PokeDescriptionInteractorTests.swift */ = {isa = PBXFileReference; lastKnownFileType = sourcecode.swift; path = PokeDescriptionInteractorTests.swift; sourceTree = "<group>"; };
		594257742AB43EED0065E43D /* PokeDescriptionPresenterTests.swift */ = {isa = PBXFileReference; lastKnownFileType = sourcecode.swift; path = PokeDescriptionPresenterTests.swift; sourceTree = "<group>"; };
		594257762AB43F0F0065E43D /* PokeListPresenterTests.swift */ = {isa = PBXFileReference; lastKnownFileType = sourcecode.swift; path = PokeListPresenterTests.swift; sourceTree = "<group>"; };
		59FDE2D72AAC39CC00A132CA /* PokeMe.app */ = {isa = PBXFileReference; explicitFileType = wrapper.application; includeInIndex = 0; path = PokeMe.app; sourceTree = BUILT_PRODUCTS_DIR; };
		59FDE2DA2AAC39CC00A132CA /* AppDelegate.swift */ = {isa = PBXFileReference; lastKnownFileType = sourcecode.swift; path = AppDelegate.swift; sourceTree = "<group>"; };
		59FDE2DC2AAC39CC00A132CA /* SceneDelegate.swift */ = {isa = PBXFileReference; lastKnownFileType = sourcecode.swift; path = SceneDelegate.swift; sourceTree = "<group>"; };
		59FDE2E12AAC39CC00A132CA /* Base */ = {isa = PBXFileReference; lastKnownFileType = file.storyboard; name = Base; path = Base.lproj/Main.storyboard; sourceTree = "<group>"; };
		59FDE2E32AAC39CF00A132CA /* Assets.xcassets */ = {isa = PBXFileReference; lastKnownFileType = folder.assetcatalog; path = Assets.xcassets; sourceTree = "<group>"; };
		59FDE2E62AAC39CF00A132CA /* Base */ = {isa = PBXFileReference; lastKnownFileType = file.storyboard; name = Base; path = Base.lproj/LaunchScreen.storyboard; sourceTree = "<group>"; };
		59FDE2E82AAC39CF00A132CA /* Info.plist */ = {isa = PBXFileReference; lastKnownFileType = text.plist.xml; path = Info.plist; sourceTree = "<group>"; };
		59FDE2ED2AAC39CF00A132CA /* PokeMeTests.xctest */ = {isa = PBXFileReference; explicitFileType = wrapper.cfbundle; includeInIndex = 0; path = PokeMeTests.xctest; sourceTree = BUILT_PRODUCTS_DIR; };
		59FDE2F72AAC39CF00A132CA /* PokeMeUITests.xctest */ = {isa = PBXFileReference; explicitFileType = wrapper.cfbundle; includeInIndex = 0; path = PokeMeUITests.xctest; sourceTree = BUILT_PRODUCTS_DIR; };
		59FDE2FB2AAC39CF00A132CA /* PokeMeUITests.swift */ = {isa = PBXFileReference; lastKnownFileType = sourcecode.swift; path = PokeMeUITests.swift; sourceTree = "<group>"; };
		59FDE2FD2AAC39CF00A132CA /* PokeMeUITestsLaunchTests.swift */ = {isa = PBXFileReference; lastKnownFileType = sourcecode.swift; path = PokeMeUITestsLaunchTests.swift; sourceTree = "<group>"; };
		59FDE3102AACA4D700A132CA /* Service.swift */ = {isa = PBXFileReference; lastKnownFileType = sourcecode.swift; path = Service.swift; sourceTree = "<group>"; };
		59FDE3122AACA4EA00A132CA /* ServiceProtocol.swift */ = {isa = PBXFileReference; lastKnownFileType = sourcecode.swift; path = ServiceProtocol.swift; sourceTree = "<group>"; };
		59FDE31C2AACA67000A132CA /* UIViewController.swift */ = {isa = PBXFileReference; lastKnownFileType = sourcecode.swift; path = UIViewController.swift; sourceTree = "<group>"; };
		59FDE32A2AAD875400A132CA /* PokeListRouterProtocol.swift */ = {isa = PBXFileReference; lastKnownFileType = sourcecode.swift; path = PokeListRouterProtocol.swift; sourceTree = "<group>"; };
		59FDE32C2AAD876000A132CA /* PokeListRouter.swift */ = {isa = PBXFileReference; lastKnownFileType = sourcecode.swift; path = PokeListRouter.swift; sourceTree = "<group>"; };
		59FDE32E2AAD879200A132CA /* PokeListPresenterProtocol.swift */ = {isa = PBXFileReference; lastKnownFileType = sourcecode.swift; path = PokeListPresenterProtocol.swift; sourceTree = "<group>"; };
		59FDE3302AAD87A600A132CA /* PokeListPresenter.swift */ = {isa = PBXFileReference; lastKnownFileType = sourcecode.swift; path = PokeListPresenter.swift; sourceTree = "<group>"; };
		59FDE3322AAD87BD00A132CA /* PokeListInteractorProtocol.swift */ = {isa = PBXFileReference; lastKnownFileType = sourcecode.swift; path = PokeListInteractorProtocol.swift; sourceTree = "<group>"; };
		59FDE3342AAD87D000A132CA /* PokeListInteractor.swift */ = {isa = PBXFileReference; lastKnownFileType = sourcecode.swift; path = PokeListInteractor.swift; sourceTree = "<group>"; };
		59FDE3362AAD87EA00A132CA /* PokeListViewController.swift */ = {isa = PBXFileReference; lastKnownFileType = sourcecode.swift; path = PokeListViewController.swift; sourceTree = "<group>"; };
		59FDE3372AAD87EA00A132CA /* PokeListViewController.xib */ = {isa = PBXFileReference; lastKnownFileType = file.xib; path = PokeListViewController.xib; sourceTree = "<group>"; };
		59FDE33A2AAD892C00A132CA /* PokeDescriptionViewController.swift */ = {isa = PBXFileReference; lastKnownFileType = sourcecode.swift; path = PokeDescriptionViewController.swift; sourceTree = "<group>"; };
		59FDE33B2AAD892C00A132CA /* PokeDescriptionViewController.xib */ = {isa = PBXFileReference; lastKnownFileType = file.xib; path = PokeDescriptionViewController.xib; sourceTree = "<group>"; };
		59FDE3402AAD8BCD00A132CA /* PokeDescriptionInteractorProtocol.swift */ = {isa = PBXFileReference; lastKnownFileType = sourcecode.swift; path = PokeDescriptionInteractorProtocol.swift; sourceTree = "<group>"; };
		59FDE3422AAD8BE300A132CA /* PokeDescriptionInteractor.swift */ = {isa = PBXFileReference; lastKnownFileType = sourcecode.swift; path = PokeDescriptionInteractor.swift; sourceTree = "<group>"; };
		59FDE3442AAD8BF800A132CA /* PokeDescriptionPresenterProtocol.swift */ = {isa = PBXFileReference; lastKnownFileType = sourcecode.swift; path = PokeDescriptionPresenterProtocol.swift; sourceTree = "<group>"; };
		59FDE3462AAD8C0800A132CA /* PokeDescriptionPresenter.swift */ = {isa = PBXFileReference; lastKnownFileType = sourcecode.swift; path = PokeDescriptionPresenter.swift; sourceTree = "<group>"; };
		59FDE3482AAD8C2700A132CA /* PokeDescriptionRouterProtocol.swift */ = {isa = PBXFileReference; lastKnownFileType = sourcecode.swift; path = PokeDescriptionRouterProtocol.swift; sourceTree = "<group>"; };
		59FDE34A2AAD8C3B00A132CA /* PokeDescriptionRouter.swift */ = {isa = PBXFileReference; lastKnownFileType = sourcecode.swift; path = PokeDescriptionRouter.swift; sourceTree = "<group>"; };
		59FDE3532AADFFCE00A132CA /* PokemonModel.swift */ = {isa = PBXFileReference; lastKnownFileType = sourcecode.swift; path = PokemonModel.swift; sourceTree = "<group>"; };
		59FDE3552AADFFE500A132CA /* PokemonResponse.swift */ = {isa = PBXFileReference; lastKnownFileType = sourcecode.swift; path = PokemonResponse.swift; sourceTree = "<group>"; };
		59FDE3572AAE0DAA00A132CA /* PokemonListResponse.swift */ = {isa = PBXFileReference; lastKnownFileType = sourcecode.swift; path = PokemonListResponse.swift; sourceTree = "<group>"; };
		59FDE3592AAE104500A132CA /* PokemonItemResponse.swift */ = {isa = PBXFileReference; lastKnownFileType = sourcecode.swift; path = PokemonItemResponse.swift; sourceTree = "<group>"; };
		59FDE35D2AAE4D3200A132CA /* PokeListItemTableViewCell.swift */ = {isa = PBXFileReference; lastKnownFileType = sourcecode.swift; path = PokeListItemTableViewCell.swift; sourceTree = "<group>"; };
		59FDE35E2AAE4D3200A132CA /* PokeListItemTableViewCell.xib */ = {isa = PBXFileReference; lastKnownFileType = file.xib; path = PokeListItemTableViewCell.xib; sourceTree = "<group>"; };
		59FE84612AAF440400A45E26 /* loading.json */ = {isa = PBXFileReference; fileEncoding = 4; lastKnownFileType = text.json; path = loading.json; sourceTree = "<group>"; };
		59FE84632AAF517C00A45E26 /* PokemonItemModel.swift */ = {isa = PBXFileReference; lastKnownFileType = sourcecode.swift; path = PokemonItemModel.swift; sourceTree = "<group>"; };
/* End PBXFileReference section */

/* Begin PBXFrameworksBuildPhase section */
		59FDE2D42AAC39CC00A132CA /* Frameworks */ = {
			isa = PBXFrameworksBuildPhase;
			buildActionMask = 2147483647;
			files = (
				59FDE3162AACA5D100A132CA /* Alamofire in Frameworks */,
				59FDE3192AACA63100A132CA /* Lottie in Frameworks */,
			);
			runOnlyForDeploymentPostprocessing = 0;
		};
		59FDE2EA2AAC39CF00A132CA /* Frameworks */ = {
			isa = PBXFrameworksBuildPhase;
			buildActionMask = 2147483647;
			files = (
			);
			runOnlyForDeploymentPostprocessing = 0;
		};
		59FDE2F42AAC39CF00A132CA /* Frameworks */ = {
			isa = PBXFrameworksBuildPhase;
			buildActionMask = 2147483647;
			files = (
			);
			runOnlyForDeploymentPostprocessing = 0;
		};
/* End PBXFrameworksBuildPhase section */

/* Begin PBXGroup section */
		594257692AB346990065E43D /* Constants */ = {
			isa = PBXGroup;
			children = (
				5942576A2AB346AF0065E43D /* Constants.swift */,
			);
			path = Constants;
			sourceTree = "<group>";
		};
		59FDE2CE2AAC39CC00A132CA = {
			isa = PBXGroup;
			children = (
				59FDE2D92AAC39CC00A132CA /* PokeMe */,
				59FDE2F02AAC39CF00A132CA /* PokeMeTests */,
				59FDE2FA2AAC39CF00A132CA /* PokeMeUITests */,
				59FDE2D82AAC39CC00A132CA /* Products */,
			);
			sourceTree = "<group>";
		};
		59FDE2D82AAC39CC00A132CA /* Products */ = {
			isa = PBXGroup;
			children = (
				59FDE2D72AAC39CC00A132CA /* PokeMe.app */,
				59FDE2ED2AAC39CF00A132CA /* PokeMeTests.xctest */,
				59FDE2F72AAC39CF00A132CA /* PokeMeUITests.xctest */,
			);
			name = Products;
			sourceTree = "<group>";
		};
		59FDE2D92AAC39CC00A132CA /* PokeMe */ = {
			isa = PBXGroup;
			children = (
				594257692AB346990065E43D /* Constants */,
				59FDE30E2AACA2F000A132CA /* Entity */,
				59FDE30D2AACA2ED00A132CA /* Service */,
				59FDE30C2AACA2EA00A132CA /* Extensions */,
				59FDE30B2AACA2E800A132CA /* Modules */,
				59FDE30A2AACA2E500A132CA /* AppDelegate */,
				59FDE2E02AAC39CC00A132CA /* Main.storyboard */,
				59FDE2E32AAC39CF00A132CA /* Assets.xcassets */,
				59FE84612AAF440400A45E26 /* loading.json */,
				59FDE2E52AAC39CF00A132CA /* LaunchScreen.storyboard */,
				59FDE2E82AAC39CF00A132CA /* Info.plist */,
			);
			path = PokeMe;
			sourceTree = "<group>";
		};
		59FDE2F02AAC39CF00A132CA /* PokeMeTests */ = {
			isa = PBXGroup;
			children = (
				594257702AB43B510065E43D /* PokeListInteractorTests.swift */,
				594257762AB43F0F0065E43D /* PokeListPresenterTests.swift */,
				594257722AB43B9A0065E43D /* PokeDescriptionInteractorTests.swift */,
				594257742AB43EED0065E43D /* PokeDescriptionPresenterTests.swift */,
			);
			path = PokeMeTests;
			sourceTree = "<group>";
		};
		59FDE2FA2AAC39CF00A132CA /* PokeMeUITests */ = {
			isa = PBXGroup;
			children = (
				59FDE2FB2AAC39CF00A132CA /* PokeMeUITests.swift */,
				59FDE2FD2AAC39CF00A132CA /* PokeMeUITestsLaunchTests.swift */,
			);
			path = PokeMeUITests;
			sourceTree = "<group>";
		};
		59FDE30A2AACA2E500A132CA /* AppDelegate */ = {
			isa = PBXGroup;
			children = (
				59FDE2DA2AAC39CC00A132CA /* AppDelegate.swift */,
				59FDE2DC2AAC39CC00A132CA /* SceneDelegate.swift */,
			);
			path = AppDelegate;
			sourceTree = "<group>";
		};
		59FDE30B2AACA2E800A132CA /* Modules */ = {
			isa = PBXGroup;
			children = (
				59FDE31F2AAD7DF300A132CA /* PokeDescription */,
				59FDE31E2AAD7DEA00A132CA /* PokeList */,
			);
			path = Modules;
			sourceTree = "<group>";
		};
		59FDE30C2AACA2EA00A132CA /* Extensions */ = {
			isa = PBXGroup;
			children = (
				59FDE31C2AACA67000A132CA /* UIViewController.swift */,
				594257672AB332E50065E43D /* UIImageView.swift */,
			);
			path = Extensions;
			sourceTree = "<group>";
		};
		59FDE30D2AACA2ED00A132CA /* Service */ = {
			isa = PBXGroup;
			children = (
				59FDE3122AACA4EA00A132CA /* ServiceProtocol.swift */,
				59FDE3102AACA4D700A132CA /* Service.swift */,
			);
			path = Service;
			sourceTree = "<group>";
		};
		59FDE30E2AACA2F000A132CA /* Entity */ = {
			isa = PBXGroup;
			children = (
				59FDE34E2AADD37A00A132CA /* Model */,
				59FDE34F2AADD38100A132CA /* Response */,
			);
			path = Entity;
			sourceTree = "<group>";
		};
		59FDE31E2AAD7DEA00A132CA /* PokeList */ = {
			isa = PBXGroup;
			children = (
				59FDE3292AAD871900A132CA /* View */,
				59FDE3282AAD871700A132CA /* Interactor */,
				59FDE3272AAD871500A132CA /* Presenter */,
				59FDE3262AAD871200A132CA /* Router */,
			);
			path = PokeList;
			sourceTree = "<group>";
		};
		59FDE31F2AAD7DF300A132CA /* PokeDescription */ = {
			isa = PBXGroup;
			children = (
				59FDE3242AAD867300A132CA /* View */,
				59FDE3232AAD867000A132CA /* Interactor */,
				59FDE3212AAD866600A132CA /* Presenter */,
				59FDE3252AAD868D00A132CA /* Router */,
			);
			path = PokeDescription;
			sourceTree = "<group>";
		};
		59FDE3212AAD866600A132CA /* Presenter */ = {
			isa = PBXGroup;
			children = (
				59FDE3442AAD8BF800A132CA /* PokeDescriptionPresenterProtocol.swift */,
				59FDE3462AAD8C0800A132CA /* PokeDescriptionPresenter.swift */,
			);
			path = Presenter;
			sourceTree = "<group>";
		};
		59FDE3232AAD867000A132CA /* Interactor */ = {
			isa = PBXGroup;
			children = (
				59FDE3402AAD8BCD00A132CA /* PokeDescriptionInteractorProtocol.swift */,
				59FDE3422AAD8BE300A132CA /* PokeDescriptionInteractor.swift */,
			);
			path = Interactor;
			sourceTree = "<group>";
		};
		59FDE3242AAD867300A132CA /* View */ = {
			isa = PBXGroup;
			children = (
				59FE845A2AAF394000A45E26 /* CustomViews */,
				59FDE33E2AAD893F00A132CA /* ViewController */,
			);
			path = View;
			sourceTree = "<group>";
		};
		59FDE3252AAD868D00A132CA /* Router */ = {
			isa = PBXGroup;
			children = (
				59FDE3482AAD8C2700A132CA /* PokeDescriptionRouterProtocol.swift */,
				59FDE34A2AAD8C3B00A132CA /* PokeDescriptionRouter.swift */,
			);
			path = Router;
			sourceTree = "<group>";
		};
		59FDE3262AAD871200A132CA /* Router */ = {
			isa = PBXGroup;
			children = (
				59FDE32A2AAD875400A132CA /* PokeListRouterProtocol.swift */,
				59FDE32C2AAD876000A132CA /* PokeListRouter.swift */,
			);
			path = Router;
			sourceTree = "<group>";
		};
		59FDE3272AAD871500A132CA /* Presenter */ = {
			isa = PBXGroup;
			children = (
				59FDE32E2AAD879200A132CA /* PokeListPresenterProtocol.swift */,
				59FDE3302AAD87A600A132CA /* PokeListPresenter.swift */,
			);
			path = Presenter;
			sourceTree = "<group>";
		};
		59FDE3282AAD871700A132CA /* Interactor */ = {
			isa = PBXGroup;
			children = (
				59FDE3322AAD87BD00A132CA /* PokeListInteractorProtocol.swift */,
				59FDE3342AAD87D000A132CA /* PokeListInteractor.swift */,
			);
			path = Interactor;
			sourceTree = "<group>";
		};
		59FDE3292AAD871900A132CA /* View */ = {
			isa = PBXGroup;
			children = (
				59FDE35C2AAE4CE900A132CA /* TableViewCell */,
				59FDE35B2AAE4CDF00A132CA /* ViewController */,
			);
			path = View;
			sourceTree = "<group>";
		};
		59FDE33E2AAD893F00A132CA /* ViewController */ = {
			isa = PBXGroup;
			children = (
				59FDE33A2AAD892C00A132CA /* PokeDescriptionViewController.swift */,
				59FDE33B2AAD892C00A132CA /* PokeDescriptionViewController.xib */,
			);
			path = ViewController;
			sourceTree = "<group>";
		};
		59FDE34E2AADD37A00A132CA /* Model */ = {
			isa = PBXGroup;
			children = (
				59FE84632AAF517C00A45E26 /* PokemonItemModel.swift */,
				59FDE3532AADFFCE00A132CA /* PokemonModel.swift */,
			);
			path = Model;
			sourceTree = "<group>";
		};
		59FDE34F2AADD38100A132CA /* Response */ = {
			isa = PBXGroup;
			children = (
				59FDE3552AADFFE500A132CA /* PokemonResponse.swift */,
				59FDE3572AAE0DAA00A132CA /* PokemonListResponse.swift */,
				59FDE3592AAE104500A132CA /* PokemonItemResponse.swift */,
			);
			path = Response;
			sourceTree = "<group>";
		};
		59FDE35B2AAE4CDF00A132CA /* ViewController */ = {
			isa = PBXGroup;
			children = (
				59FDE3362AAD87EA00A132CA /* PokeListViewController.swift */,
				59FDE3372AAD87EA00A132CA /* PokeListViewController.xib */,
			);
			path = ViewController;
			sourceTree = "<group>";
		};
		59FDE35C2AAE4CE900A132CA /* TableViewCell */ = {
			isa = PBXGroup;
			children = (
				59FDE35D2AAE4D3200A132CA /* PokeListItemTableViewCell.swift */,
				59FDE35E2AAE4D3200A132CA /* PokeListItemTableViewCell.xib */,
			);
			path = TableViewCell;
			sourceTree = "<group>";
		};
		59FE845A2AAF394000A45E26 /* CustomViews */ = {
			isa = PBXGroup;
			children = (
				5942576C2AB4110B0065E43D /* PokemonDescriptionView.swift */,
				5942576E2AB4115F0065E43D /* PokemonDescriptionView.xib */,
			);
			path = CustomViews;
			sourceTree = "<group>";
		};
/* End PBXGroup section */

/* Begin PBXNativeTarget section */
		59FDE2D62AAC39CC00A132CA /* PokeMe */ = {
			isa = PBXNativeTarget;
			buildConfigurationList = 59FDE3012AAC39CF00A132CA /* Build configuration list for PBXNativeTarget "PokeMe" */;
			buildPhases = (
				59FDE2D32AAC39CC00A132CA /* Sources */,
				59FDE2D42AAC39CC00A132CA /* Frameworks */,
				59FDE2D52AAC39CC00A132CA /* Resources */,
			);
			buildRules = (
			);
			dependencies = (
			);
			name = PokeMe;
			packageProductDependencies = (
				59FDE3152AACA5D100A132CA /* Alamofire */,
				59FDE3182AACA63100A132CA /* Lottie */,
			);
			productName = PokeMe;
			productReference = 59FDE2D72AAC39CC00A132CA /* PokeMe.app */;
			productType = "com.apple.product-type.application";
		};
		59FDE2EC2AAC39CF00A132CA /* PokeMeTests */ = {
			isa = PBXNativeTarget;
			buildConfigurationList = 59FDE3042AAC39CF00A132CA /* Build configuration list for PBXNativeTarget "PokeMeTests" */;
			buildPhases = (
				59FDE2E92AAC39CF00A132CA /* Sources */,
				59FDE2EA2AAC39CF00A132CA /* Frameworks */,
				59FDE2EB2AAC39CF00A132CA /* Resources */,
			);
			buildRules = (
			);
			dependencies = (
				59FDE2EF2AAC39CF00A132CA /* PBXTargetDependency */,
			);
			name = PokeMeTests;
			productName = PokeMeTests;
			productReference = 59FDE2ED2AAC39CF00A132CA /* PokeMeTests.xctest */;
			productType = "com.apple.product-type.bundle.unit-test";
		};
		59FDE2F62AAC39CF00A132CA /* PokeMeUITests */ = {
			isa = PBXNativeTarget;
			buildConfigurationList = 59FDE3072AAC39CF00A132CA /* Build configuration list for PBXNativeTarget "PokeMeUITests" */;
			buildPhases = (
				59FDE2F32AAC39CF00A132CA /* Sources */,
				59FDE2F42AAC39CF00A132CA /* Frameworks */,
				59FDE2F52AAC39CF00A132CA /* Resources */,
			);
			buildRules = (
			);
			dependencies = (
				59FDE2F92AAC39CF00A132CA /* PBXTargetDependency */,
			);
			name = PokeMeUITests;
			productName = PokeMeUITests;
			productReference = 59FDE2F72AAC39CF00A132CA /* PokeMeUITests.xctest */;
			productType = "com.apple.product-type.bundle.ui-testing";
		};
/* End PBXNativeTarget section */

/* Begin PBXProject section */
		59FDE2CF2AAC39CC00A132CA /* Project object */ = {
			isa = PBXProject;
			attributes = {
				BuildIndependentTargetsInParallel = 1;
				LastSwiftUpdateCheck = 1420;
				LastUpgradeCheck = 1420;
				TargetAttributes = {
					59FDE2D62AAC39CC00A132CA = {
						CreatedOnToolsVersion = 14.2;
					};
					59FDE2EC2AAC39CF00A132CA = {
						CreatedOnToolsVersion = 14.2;
						TestTargetID = 59FDE2D62AAC39CC00A132CA;
					};
					59FDE2F62AAC39CF00A132CA = {
						CreatedOnToolsVersion = 14.2;
						TestTargetID = 59FDE2D62AAC39CC00A132CA;
					};
				};
			};
			buildConfigurationList = 59FDE2D22AAC39CC00A132CA /* Build configuration list for PBXProject "PokeMe" */;
			compatibilityVersion = "Xcode 14.0";
			developmentRegion = en;
			hasScannedForEncodings = 0;
			knownRegions = (
				en,
				Base,
			);
			mainGroup = 59FDE2CE2AAC39CC00A132CA;
			packageReferences = (
				59FDE3142AACA5D100A132CA /* XCRemoteSwiftPackageReference "Alamofire" */,
				59FDE3172AACA63100A132CA /* XCRemoteSwiftPackageReference "lottie-spm" */,
			);
			productRefGroup = 59FDE2D82AAC39CC00A132CA /* Products */;
			projectDirPath = "";
			projectRoot = "";
			targets = (
				59FDE2D62AAC39CC00A132CA /* PokeMe */,
				59FDE2EC2AAC39CF00A132CA /* PokeMeTests */,
				59FDE2F62AAC39CF00A132CA /* PokeMeUITests */,
			);
		};
/* End PBXProject section */

/* Begin PBXResourcesBuildPhase section */
		59FDE2D52AAC39CC00A132CA /* Resources */ = {
			isa = PBXResourcesBuildPhase;
			buildActionMask = 2147483647;
			files = (
				59FDE2E72AAC39CF00A132CA /* LaunchScreen.storyboard in Resources */,
				59FDE33D2AAD892C00A132CA /* PokeDescriptionViewController.xib in Resources */,
				59FDE3392AAD87EA00A132CA /* PokeListViewController.xib in Resources */,
				59FDE2E42AAC39CF00A132CA /* Assets.xcassets in Resources */,
				5942576F2AB4115F0065E43D /* PokemonDescriptionView.xib in Resources */,
				59FDE2E22AAC39CC00A132CA /* Main.storyboard in Resources */,
				59FE84622AAF440400A45E26 /* loading.json in Resources */,
				59FDE3602AAE4D3200A132CA /* PokeListItemTableViewCell.xib in Resources */,
			);
			runOnlyForDeploymentPostprocessing = 0;
		};
		59FDE2EB2AAC39CF00A132CA /* Resources */ = {
			isa = PBXResourcesBuildPhase;
			buildActionMask = 2147483647;
			files = (
			);
			runOnlyForDeploymentPostprocessing = 0;
		};
		59FDE2F52AAC39CF00A132CA /* Resources */ = {
			isa = PBXResourcesBuildPhase;
			buildActionMask = 2147483647;
			files = (
			);
			runOnlyForDeploymentPostprocessing = 0;
		};
/* End PBXResourcesBuildPhase section */

/* Begin PBXSourcesBuildPhase section */
		59FDE2D32AAC39CC00A132CA /* Sources */ = {
			isa = PBXSourcesBuildPhase;
			buildActionMask = 2147483647;
			files = (
				59FDE3452AAD8BF800A132CA /* PokeDescriptionPresenterProtocol.swift in Sources */,
				59FDE33C2AAD892C00A132CA /* PokeDescriptionViewController.swift in Sources */,
				59FDE3582AAE0DAA00A132CA /* PokemonListResponse.swift in Sources */,
				59FDE2DB2AAC39CC00A132CA /* AppDelegate.swift in Sources */,
				59FDE2DD2AAC39CC00A132CA /* SceneDelegate.swift in Sources */,
				5942576D2AB4110B0065E43D /* PokemonDescriptionView.swift in Sources */,
				59FDE31D2AACA67000A132CA /* UIViewController.swift in Sources */,
				59FDE32D2AAD876000A132CA /* PokeListRouter.swift in Sources */,
				59FDE35A2AAE104500A132CA /* PokemonItemResponse.swift in Sources */,
				59FDE32F2AAD879200A132CA /* PokeListPresenterProtocol.swift in Sources */,
				59FDE3542AADFFCE00A132CA /* PokemonModel.swift in Sources */,
				59FDE3562AADFFE500A132CA /* PokemonResponse.swift in Sources */,
				5942576B2AB346AF0065E43D /* Constants.swift in Sources */,
				59FDE3312AAD87A600A132CA /* PokeListPresenter.swift in Sources */,
				59FDE3382AAD87EA00A132CA /* PokeListViewController.swift in Sources */,
				59FDE3432AAD8BE400A132CA /* PokeDescriptionInteractor.swift in Sources */,
				59FDE3472AAD8C0800A132CA /* PokeDescriptionPresenter.swift in Sources */,
				59FDE3112AACA4D700A132CA /* Service.swift in Sources */,
				594257682AB332E50065E43D /* UIImageView.swift in Sources */,
				59FDE3132AACA4EA00A132CA /* ServiceProtocol.swift in Sources */,
				59FDE32B2AAD875400A132CA /* PokeListRouterProtocol.swift in Sources */,
				59FDE34B2AAD8C3B00A132CA /* PokeDescriptionRouter.swift in Sources */,
				59FE84642AAF517C00A45E26 /* PokemonItemModel.swift in Sources */,
				59FDE3492AAD8C2700A132CA /* PokeDescriptionRouterProtocol.swift in Sources */,
				59FDE3412AAD8BCD00A132CA /* PokeDescriptionInteractorProtocol.swift in Sources */,
				59FDE3352AAD87D000A132CA /* PokeListInteractor.swift in Sources */,
				59FDE35F2AAE4D3200A132CA /* PokeListItemTableViewCell.swift in Sources */,
				59FDE3332AAD87BD00A132CA /* PokeListInteractorProtocol.swift in Sources */,
			);
			runOnlyForDeploymentPostprocessing = 0;
		};
		59FDE2E92AAC39CF00A132CA /* Sources */ = {
			isa = PBXSourcesBuildPhase;
			buildActionMask = 2147483647;
			files = (
				594257752AB43EED0065E43D /* PokeDescriptionPresenterTests.swift in Sources */,
				594257772AB43F0F0065E43D /* PokeListPresenterTests.swift in Sources */,
				594257732AB43B9A0065E43D /* PokeDescriptionInteractorTests.swift in Sources */,
				594257712AB43B510065E43D /* PokeListInteractorTests.swift in Sources */,
			);
			runOnlyForDeploymentPostprocessing = 0;
		};
		59FDE2F32AAC39CF00A132CA /* Sources */ = {
			isa = PBXSourcesBuildPhase;
			buildActionMask = 2147483647;
			files = (
				59FDE2FC2AAC39CF00A132CA /* PokeMeUITests.swift in Sources */,
				59FDE2FE2AAC39CF00A132CA /* PokeMeUITestsLaunchTests.swift in Sources */,
			);
			runOnlyForDeploymentPostprocessing = 0;
		};
/* End PBXSourcesBuildPhase section */

/* Begin PBXTargetDependency section */
		59FDE2EF2AAC39CF00A132CA /* PBXTargetDependency */ = {
			isa = PBXTargetDependency;
			target = 59FDE2D62AAC39CC00A132CA /* PokeMe */;
			targetProxy = 59FDE2EE2AAC39CF00A132CA /* PBXContainerItemProxy */;
		};
		59FDE2F92AAC39CF00A132CA /* PBXTargetDependency */ = {
			isa = PBXTargetDependency;
			target = 59FDE2D62AAC39CC00A132CA /* PokeMe */;
			targetProxy = 59FDE2F82AAC39CF00A132CA /* PBXContainerItemProxy */;
		};
/* End PBXTargetDependency section */

/* Begin PBXVariantGroup section */
		59FDE2E02AAC39CC00A132CA /* Main.storyboard */ = {
			isa = PBXVariantGroup;
			children = (
				59FDE2E12AAC39CC00A132CA /* Base */,
			);
			name = Main.storyboard;
			sourceTree = "<group>";
		};
		59FDE2E52AAC39CF00A132CA /* LaunchScreen.storyboard */ = {
			isa = PBXVariantGroup;
			children = (
				59FDE2E62AAC39CF00A132CA /* Base */,
			);
			name = LaunchScreen.storyboard;
			sourceTree = "<group>";
		};
/* End PBXVariantGroup section */

/* Begin XCBuildConfiguration section */
		59FDE2FF2AAC39CF00A132CA /* Debug */ = {
			isa = XCBuildConfiguration;
			buildSettings = {
				ALWAYS_SEARCH_USER_PATHS = NO;
				CLANG_ANALYZER_NONNULL = YES;
				CLANG_ANALYZER_NUMBER_OBJECT_CONVERSION = YES_AGGRESSIVE;
				CLANG_CXX_LANGUAGE_STANDARD = "gnu++20";
				CLANG_ENABLE_MODULES = YES;
				CLANG_ENABLE_OBJC_ARC = YES;
				CLANG_ENABLE_OBJC_WEAK = YES;
				CLANG_WARN_BLOCK_CAPTURE_AUTORELEASING = YES;
				CLANG_WARN_BOOL_CONVERSION = YES;
				CLANG_WARN_COMMA = YES;
				CLANG_WARN_CONSTANT_CONVERSION = YES;
				CLANG_WARN_DEPRECATED_OBJC_IMPLEMENTATIONS = YES;
				CLANG_WARN_DIRECT_OBJC_ISA_USAGE = YES_ERROR;
				CLANG_WARN_DOCUMENTATION_COMMENTS = YES;
				CLANG_WARN_EMPTY_BODY = YES;
				CLANG_WARN_ENUM_CONVERSION = YES;
				CLANG_WARN_INFINITE_RECURSION = YES;
				CLANG_WARN_INT_CONVERSION = YES;
				CLANG_WARN_NON_LITERAL_NULL_CONVERSION = YES;
				CLANG_WARN_OBJC_IMPLICIT_RETAIN_SELF = YES;
				CLANG_WARN_OBJC_LITERAL_CONVERSION = YES;
				CLANG_WARN_OBJC_ROOT_CLASS = YES_ERROR;
				CLANG_WARN_QUOTED_INCLUDE_IN_FRAMEWORK_HEADER = YES;
				CLANG_WARN_RANGE_LOOP_ANALYSIS = YES;
				CLANG_WARN_STRICT_PROTOTYPES = YES;
				CLANG_WARN_SUSPICIOUS_MOVE = YES;
				CLANG_WARN_UNGUARDED_AVAILABILITY = YES_AGGRESSIVE;
				CLANG_WARN_UNREACHABLE_CODE = YES;
				CLANG_WARN__DUPLICATE_METHOD_MATCH = YES;
				COPY_PHASE_STRIP = NO;
				DEBUG_INFORMATION_FORMAT = dwarf;
				ENABLE_STRICT_OBJC_MSGSEND = YES;
				ENABLE_TESTABILITY = YES;
				GCC_C_LANGUAGE_STANDARD = gnu11;
				GCC_DYNAMIC_NO_PIC = NO;
				GCC_NO_COMMON_BLOCKS = YES;
				GCC_OPTIMIZATION_LEVEL = 0;
				GCC_PREPROCESSOR_DEFINITIONS = (
					"DEBUG=1",
					"$(inherited)",
				);
				GCC_WARN_64_TO_32_BIT_CONVERSION = YES;
				GCC_WARN_ABOUT_RETURN_TYPE = YES_ERROR;
				GCC_WARN_UNDECLARED_SELECTOR = YES;
				GCC_WARN_UNINITIALIZED_AUTOS = YES_AGGRESSIVE;
				GCC_WARN_UNUSED_FUNCTION = YES;
				GCC_WARN_UNUSED_VARIABLE = YES;
				IPHONEOS_DEPLOYMENT_TARGET = 16.2;
				MTL_ENABLE_DEBUG_INFO = INCLUDE_SOURCE;
				MTL_FAST_MATH = YES;
				ONLY_ACTIVE_ARCH = YES;
				SDKROOT = iphoneos;
				SERVER_URL = "https://pokeapi.co/api/v2/pokemon/?limit=100";
				SWIFT_ACTIVE_COMPILATION_CONDITIONS = DEBUG;
				SWIFT_OPTIMIZATION_LEVEL = "-Onone";
			};
			name = Debug;
		};
		59FDE3002AAC39CF00A132CA /* Release */ = {
			isa = XCBuildConfiguration;
			buildSettings = {
				ALWAYS_SEARCH_USER_PATHS = NO;
				CLANG_ANALYZER_NONNULL = YES;
				CLANG_ANALYZER_NUMBER_OBJECT_CONVERSION = YES_AGGRESSIVE;
				CLANG_CXX_LANGUAGE_STANDARD = "gnu++20";
				CLANG_ENABLE_MODULES = YES;
				CLANG_ENABLE_OBJC_ARC = YES;
				CLANG_ENABLE_OBJC_WEAK = YES;
				CLANG_WARN_BLOCK_CAPTURE_AUTORELEASING = YES;
				CLANG_WARN_BOOL_CONVERSION = YES;
				CLANG_WARN_COMMA = YES;
				CLANG_WARN_CONSTANT_CONVERSION = YES;
				CLANG_WARN_DEPRECATED_OBJC_IMPLEMENTATIONS = YES;
				CLANG_WARN_DIRECT_OBJC_ISA_USAGE = YES_ERROR;
				CLANG_WARN_DOCUMENTATION_COMMENTS = YES;
				CLANG_WARN_EMPTY_BODY = YES;
				CLANG_WARN_ENUM_CONVERSION = YES;
				CLANG_WARN_INFINITE_RECURSION = YES;
				CLANG_WARN_INT_CONVERSION = YES;
				CLANG_WARN_NON_LITERAL_NULL_CONVERSION = YES;
				CLANG_WARN_OBJC_IMPLICIT_RETAIN_SELF = YES;
				CLANG_WARN_OBJC_LITERAL_CONVERSION = YES;
				CLANG_WARN_OBJC_ROOT_CLASS = YES_ERROR;
				CLANG_WARN_QUOTED_INCLUDE_IN_FRAMEWORK_HEADER = YES;
				CLANG_WARN_RANGE_LOOP_ANALYSIS = YES;
				CLANG_WARN_STRICT_PROTOTYPES = YES;
				CLANG_WARN_SUSPICIOUS_MOVE = YES;
				CLANG_WARN_UNGUARDED_AVAILABILITY = YES_AGGRESSIVE;
				CLANG_WARN_UNREACHABLE_CODE = YES;
				CLANG_WARN__DUPLICATE_METHOD_MATCH = YES;
				COPY_PHASE_STRIP = NO;
				DEBUG_INFORMATION_FORMAT = "dwarf-with-dsym";
				ENABLE_NS_ASSERTIONS = NO;
				ENABLE_STRICT_OBJC_MSGSEND = YES;
				GCC_C_LANGUAGE_STANDARD = gnu11;
				GCC_NO_COMMON_BLOCKS = YES;
				GCC_WARN_64_TO_32_BIT_CONVERSION = YES;
				GCC_WARN_ABOUT_RETURN_TYPE = YES_ERROR;
				GCC_WARN_UNDECLARED_SELECTOR = YES;
				GCC_WARN_UNINITIALIZED_AUTOS = YES_AGGRESSIVE;
				GCC_WARN_UNUSED_FUNCTION = YES;
				GCC_WARN_UNUSED_VARIABLE = YES;
				IPHONEOS_DEPLOYMENT_TARGET = 16.2;
				MTL_ENABLE_DEBUG_INFO = NO;
				MTL_FAST_MATH = YES;
				SDKROOT = iphoneos;
				SERVER_URL = "https://pokeapi.co/api/v2/pokemon/?limit=100";
				SWIFT_COMPILATION_MODE = wholemodule;
				SWIFT_OPTIMIZATION_LEVEL = "-O";
				VALIDATE_PRODUCT = YES;
			};
			name = Release;
		};
		59FDE3022AAC39CF00A132CA /* Debug */ = {
			isa = XCBuildConfiguration;
			buildSettings = {
				ASSETCATALOG_COMPILER_APPICON_NAME = AppIcon;
				ASSETCATALOG_COMPILER_GLOBAL_ACCENT_COLOR_NAME = AccentColor;
				CODE_SIGN_STYLE = Automatic;
				CURRENT_PROJECT_VERSION = 1;
				GENERATE_INFOPLIST_FILE = YES;
				INFOPLIST_FILE = PokeMe/Info.plist;
				INFOPLIST_KEY_UIApplicationSupportsIndirectInputEvents = YES;
				INFOPLIST_KEY_UILaunchStoryboardName = LaunchScreen;
				INFOPLIST_KEY_UIMainStoryboardFile = Main;
				INFOPLIST_KEY_UISupportedInterfaceOrientations_iPad = "UIInterfaceOrientationPortrait UIInterfaceOrientationPortraitUpsideDown UIInterfaceOrientationLandscapeLeft UIInterfaceOrientationLandscapeRight";
				INFOPLIST_KEY_UISupportedInterfaceOrientations_iPhone = "UIInterfaceOrientationPortrait UIInterfaceOrientationLandscapeLeft UIInterfaceOrientationLandscapeRight";
				LD_RUNPATH_SEARCH_PATHS = (
					"$(inherited)",
					"@executable_path/Frameworks",
				);
				MARKETING_VERSION = 1.0;
				PRODUCT_BUNDLE_IDENTIFIER = za.PokeMe;
				PRODUCT_NAME = "$(TARGET_NAME)";
				SWIFT_EMIT_LOC_STRINGS = YES;
				SWIFT_VERSION = 5.0;
				TARGETED_DEVICE_FAMILY = "1,2";
			};
			name = Debug;
		};
		59FDE3032AAC39CF00A132CA /* Release */ = {
			isa = XCBuildConfiguration;
			buildSettings = {
				ASSETCATALOG_COMPILER_APPICON_NAME = AppIcon;
				ASSETCATALOG_COMPILER_GLOBAL_ACCENT_COLOR_NAME = AccentColor;
				CODE_SIGN_STYLE = Automatic;
				CURRENT_PROJECT_VERSION = 1;
				GENERATE_INFOPLIST_FILE = YES;
				INFOPLIST_FILE = PokeMe/Info.plist;
				INFOPLIST_KEY_UIApplicationSupportsIndirectInputEvents = YES;
				INFOPLIST_KEY_UILaunchStoryboardName = LaunchScreen;
				INFOPLIST_KEY_UIMainStoryboardFile = Main;
				INFOPLIST_KEY_UISupportedInterfaceOrientations_iPad = "UIInterfaceOrientationPortrait UIInterfaceOrientationPortraitUpsideDown UIInterfaceOrientationLandscapeLeft UIInterfaceOrientationLandscapeRight";
				INFOPLIST_KEY_UISupportedInterfaceOrientations_iPhone = "UIInterfaceOrientationPortrait UIInterfaceOrientationLandscapeLeft UIInterfaceOrientationLandscapeRight";
				LD_RUNPATH_SEARCH_PATHS = (
					"$(inherited)",
					"@executable_path/Frameworks",
				);
				MARKETING_VERSION = 1.0;
				PRODUCT_BUNDLE_IDENTIFIER = za.PokeMe;
				PRODUCT_NAME = "$(TARGET_NAME)";
				SWIFT_EMIT_LOC_STRINGS = YES;
				SWIFT_VERSION = 5.0;
				TARGETED_DEVICE_FAMILY = "1,2";
			};
			name = Release;
		};
		59FDE3052AAC39CF00A132CA /* Debug */ = {
			isa = XCBuildConfiguration;
			buildSettings = {
				ALWAYS_EMBED_SWIFT_STANDARD_LIBRARIES = YES;
				BUNDLE_LOADER = "$(TEST_HOST)";
				CODE_SIGN_STYLE = Automatic;
				CURRENT_PROJECT_VERSION = 1;
				GENERATE_INFOPLIST_FILE = YES;
				IPHONEOS_DEPLOYMENT_TARGET = 16.2;
				MARKETING_VERSION = 1.0;
				PRODUCT_BUNDLE_IDENTIFIER = za.PokeMeTests;
				PRODUCT_NAME = "$(TARGET_NAME)";
				SWIFT_EMIT_LOC_STRINGS = NO;
				SWIFT_VERSION = 5.0;
				TARGETED_DEVICE_FAMILY = "1,2";
				TEST_HOST = "$(BUILT_PRODUCTS_DIR)/PokeMe.app/$(BUNDLE_EXECUTABLE_FOLDER_PATH)/PokeMe";
			};
			name = Debug;
		};
		59FDE3062AAC39CF00A132CA /* Release */ = {
			isa = XCBuildConfiguration;
			buildSettings = {
				ALWAYS_EMBED_SWIFT_STANDARD_LIBRARIES = YES;
				BUNDLE_LOADER = "$(TEST_HOST)";
				CODE_SIGN_STYLE = Automatic;
				CURRENT_PROJECT_VERSION = 1;
				GENERATE_INFOPLIST_FILE = YES;
				IPHONEOS_DEPLOYMENT_TARGET = 16.2;
				MARKETING_VERSION = 1.0;
				PRODUCT_BUNDLE_IDENTIFIER = za.PokeMeTests;
				PRODUCT_NAME = "$(TARGET_NAME)";
				SWIFT_EMIT_LOC_STRINGS = NO;
				SWIFT_VERSION = 5.0;
				TARGETED_DEVICE_FAMILY = "1,2";
				TEST_HOST = "$(BUILT_PRODUCTS_DIR)/PokeMe.app/$(BUNDLE_EXECUTABLE_FOLDER_PATH)/PokeMe";
			};
			name = Release;
		};
		59FDE3082AAC39CF00A132CA /* Debug */ = {
			isa = XCBuildConfiguration;
			buildSettings = {
				ALWAYS_EMBED_SWIFT_STANDARD_LIBRARIES = YES;
				CODE_SIGN_STYLE = Automatic;
				CURRENT_PROJECT_VERSION = 1;
				GENERATE_INFOPLIST_FILE = YES;
				MARKETING_VERSION = 1.0;
				PRODUCT_BUNDLE_IDENTIFIER = za.PokeMeUITests;
				PRODUCT_NAME = "$(TARGET_NAME)";
				SWIFT_EMIT_LOC_STRINGS = NO;
				SWIFT_VERSION = 5.0;
				TARGETED_DEVICE_FAMILY = "1,2";
				TEST_TARGET_NAME = PokeMe;
			};
			name = Debug;
		};
		59FDE3092AAC39CF00A132CA /* Release */ = {
			isa = XCBuildConfiguration;
			buildSettings = {
				ALWAYS_EMBED_SWIFT_STANDARD_LIBRARIES = YES;
				CODE_SIGN_STYLE = Automatic;
				CURRENT_PROJECT_VERSION = 1;
				GENERATE_INFOPLIST_FILE = YES;
				MARKETING_VERSION = 1.0;
				PRODUCT_BUNDLE_IDENTIFIER = za.PokeMeUITests;
				PRODUCT_NAME = "$(TARGET_NAME)";
				SWIFT_EMIT_LOC_STRINGS = NO;
				SWIFT_VERSION = 5.0;
				TARGETED_DEVICE_FAMILY = "1,2";
				TEST_TARGET_NAME = PokeMe;
			};
			name = Release;
		};
/* End XCBuildConfiguration section */

/* Begin XCConfigurationList section */
		59FDE2D22AAC39CC00A132CA /* Build configuration list for PBXProject "PokeMe" */ = {
			isa = XCConfigurationList;
			buildConfigurations = (
				59FDE2FF2AAC39CF00A132CA /* Debug */,
				59FDE3002AAC39CF00A132CA /* Release */,
			);
			defaultConfigurationIsVisible = 0;
			defaultConfigurationName = Release;
		};
		59FDE3012AAC39CF00A132CA /* Build configuration list for PBXNativeTarget "PokeMe" */ = {
			isa = XCConfigurationList;
			buildConfigurations = (
				59FDE3022AAC39CF00A132CA /* Debug */,
				59FDE3032AAC39CF00A132CA /* Release */,
			);
			defaultConfigurationIsVisible = 0;
			defaultConfigurationName = Release;
		};
		59FDE3042AAC39CF00A132CA /* Build configuration list for PBXNativeTarget "PokeMeTests" */ = {
			isa = XCConfigurationList;
			buildConfigurations = (
				59FDE3052AAC39CF00A132CA /* Debug */,
				59FDE3062AAC39CF00A132CA /* Release */,
			);
			defaultConfigurationIsVisible = 0;
			defaultConfigurationName = Release;
		};
		59FDE3072AAC39CF00A132CA /* Build configuration list for PBXNativeTarget "PokeMeUITests" */ = {
			isa = XCConfigurationList;
			buildConfigurations = (
				59FDE3082AAC39CF00A132CA /* Debug */,
				59FDE3092AAC39CF00A132CA /* Release */,
			);
			defaultConfigurationIsVisible = 0;
			defaultConfigurationName = Release;
		};
/* End XCConfigurationList section */

/* Begin XCRemoteSwiftPackageReference section */
		59FDE3142AACA5D100A132CA /* XCRemoteSwiftPackageReference "Alamofire" */ = {
			isa = XCRemoteSwiftPackageReference;
			repositoryURL = "https://github.com/Alamofire/Alamofire.git";
			requirement = {
				branch = master;
				kind = branch;
			};
		};
		59FDE3172AACA63100A132CA /* XCRemoteSwiftPackageReference "lottie-spm" */ = {
			isa = XCRemoteSwiftPackageReference;
			repositoryURL = "https://github.com/airbnb/lottie-spm.git";
			requirement = {
				branch = main;
				kind = branch;
			};
		};
/* End XCRemoteSwiftPackageReference section */

/* Begin XCSwiftPackageProductDependency section */
		59FDE3152AACA5D100A132CA /* Alamofire */ = {
			isa = XCSwiftPackageProductDependency;
			package = 59FDE3142AACA5D100A132CA /* XCRemoteSwiftPackageReference "Alamofire" */;
			productName = Alamofire;
		};
		59FDE3182AACA63100A132CA /* Lottie */ = {
			isa = XCSwiftPackageProductDependency;
			package = 59FDE3172AACA63100A132CA /* XCRemoteSwiftPackageReference "lottie-spm" */;
			productName = Lottie;
		};
/* End XCSwiftPackageProductDependency section */
	};
	rootObject = 59FDE2CF2AAC39CC00A132CA /* Project object */;
}
